// !$*UTF8*$!
{
	archiveVersion = 1;
	classes = {
	};
	objectVersion = 46;
	objects = {

/* Begin PBXBuildFile section */
		CF0697CB1CF39A0A00A473FD /* DoggTableView.m in Sources */ = {isa = PBXBuildFile; fileRef = CF0697CA1CF39A0A00A473FD /* DoggTableView.m */; };
		CF0697CD1CF39E5D00A473FD /* libimread.dylib in Frameworks */ = {isa = PBXBuildFile; fileRef = CF0697CC1CF39E5D00A473FD /* libimread.dylib */; };
		CF1903F91C61C479000974D4 /* AppDelegate.mm in Sources */ = {isa = PBXBuildFile; fileRef = CF1903F81C61C479000974D4 /* AppDelegate.mm */; };
		CF1903FC1C61C479000974D4 /* main.m in Sources */ = {isa = PBXBuildFile; fileRef = CF1903FB1C61C479000974D4 /* main.m */; };
		CF1903FE1C61C479000974D4 /* Assets.xcassets in Resources */ = {isa = PBXBuildFile; fileRef = CF1903FD1C61C479000974D4 /* Assets.xcassets */; };
		CF1904011C61C479000974D4 /* MainMenu.xib in Resources */ = {isa = PBXBuildFile; fileRef = CF1903FF1C61C479000974D4 /* MainMenu.xib */; };
		CF19040A1C61D2FE000974D4 /* TestData.plist in Resources */ = {isa = PBXBuildFile; fileRef = CF1904091C61D2FE000974D4 /* TestData.plist */; };
		CF19040E1C61D63C000974D4 /* MasterViewController.m in Sources */ = {isa = PBXBuildFile; fileRef = CF19040C1C61D63C000974D4 /* MasterViewController.m */; };
		CF19040F1C61D63C000974D4 /* MasterViewController.xib in Resources */ = {isa = PBXBuildFile; fileRef = CF19040D1C61D63C000974D4 /* MasterViewController.xib */; };
/* End PBXBuildFile section */

/* Begin PBXFileReference section */
		CF0697C91CF39A0A00A473FD /* DoggTableView.h */ = {isa = PBXFileReference; fileEncoding = 4; lastKnownFileType = sourcecode.c.h; path = DoggTableView.h; sourceTree = "<group>"; };
		CF0697CA1CF39A0A00A473FD /* DoggTableView.m */ = {isa = PBXFileReference; fileEncoding = 4; lastKnownFileType = sourcecode.c.objc; path = DoggTableView.m; sourceTree = "<group>"; };
		CF0697CC1CF39E5D00A473FD /* libimread.dylib */ = {isa = PBXFileReference; lastKnownFileType = "compiled.mach-o.dylib"; name = libimread.dylib; path = ../../../../../../usr/local/Cellar/libimread/0.2.0/lib/libimread.dylib; sourceTree = "<group>"; };
		CF1903F41C61C479000974D4 /* TestDataViewer.app */ = {isa = PBXFileReference; explicitFileType = wrapper.application; includeInIndex = 0; path = TestDataViewer.app; sourceTree = BUILT_PRODUCTS_DIR; };
		CF1903F71C61C479000974D4 /* AppDelegate.h */ = {isa = PBXFileReference; lastKnownFileType = sourcecode.c.h; path = AppDelegate.h; sourceTree = "<group>"; };
		CF1903F81C61C479000974D4 /* AppDelegate.mm */ = {isa = PBXFileReference; lastKnownFileType = sourcecode.cpp.objcpp; path = AppDelegate.mm; sourceTree = "<group>"; };
		CF1903FB1C61C479000974D4 /* main.m */ = {isa = PBXFileReference; lastKnownFileType = sourcecode.c.objc; path = main.m; sourceTree = "<group>"; };
		CF1903FD1C61C479000974D4 /* Assets.xcassets */ = {isa = PBXFileReference; lastKnownFileType = folder.assetcatalog; path = Assets.xcassets; sourceTree = "<group>"; };
		CF1904001C61C479000974D4 /* Base */ = {isa = PBXFileReference; lastKnownFileType = file.xib; name = Base; path = Base.lproj/MainMenu.xib; sourceTree = "<group>"; };
		CF1904021C61C479000974D4 /* Info.plist */ = {isa = PBXFileReference; lastKnownFileType = text.plist.xml; path = Info.plist; sourceTree = "<group>"; };
		CF1904091C61D2FE000974D4 /* TestData.plist */ = {isa = PBXFileReference; fileEncoding = 4; lastKnownFileType = text.plist.xml; path = TestData.plist; sourceTree = "<group>"; };
		CF19040B1C61D63C000974D4 /* MasterViewController.h */ = {isa = PBXFileReference; fileEncoding = 4; lastKnownFileType = sourcecode.c.h; path = MasterViewController.h; sourceTree = "<group>"; };
		CF19040C1C61D63C000974D4 /* MasterViewController.m */ = {isa = PBXFileReference; fileEncoding = 4; lastKnownFileType = sourcecode.c.objc; path = MasterViewController.m; sourceTree = "<group>"; };
		CF19040D1C61D63C000974D4 /* MasterViewController.xib */ = {isa = PBXFileReference; fileEncoding = 4; lastKnownFileType = file.xib; path = MasterViewController.xib; sourceTree = "<group>"; };
/* End PBXFileReference section */

/* Begin PBXFrameworksBuildPhase section */
		CF1903F11C61C479000974D4 /* Frameworks */ = {
			isa = PBXFrameworksBuildPhase;
			buildActionMask = 2147483647;
			files = (
				CF0697CD1CF39E5D00A473FD /* libimread.dylib in Frameworks */,
			);
			runOnlyForDeploymentPostprocessing = 0;
		};
/* End PBXFrameworksBuildPhase section */

/* Begin PBXGroup section */
		CF1903EB1C61C479000974D4 = {
			isa = PBXGroup;
			children = (
				CF0697CC1CF39E5D00A473FD /* libimread.dylib */,
				CF1903F61C61C479000974D4 /* TestDataViewer */,
				CF1903F51C61C479000974D4 /* Products */,
			);
			sourceTree = "<group>";
		};
		CF1903F51C61C479000974D4 /* Products */ = {
			isa = PBXGroup;
			children = (
				CF1903F41C61C479000974D4 /* TestDataViewer.app */,
			);
			name = Products;
			sourceTree = "<group>";
		};
		CF1903F61C61C479000974D4 /* TestDataViewer */ = {
			isa = PBXGroup;
			children = (
				CF1904081C61C4A8000974D4 /* Resources */,
				CF1903F71C61C479000974D4 /* AppDelegate.h */,
				CF1903F81C61C479000974D4 /* AppDelegate.mm */,
				CF19040B1C61D63C000974D4 /* MasterViewController.h */,
				CF19040C1C61D63C000974D4 /* MasterViewController.m */,
				CF19040D1C61D63C000974D4 /* MasterViewController.xib */,
				CF1903FF1C61C479000974D4 /* MainMenu.xib */,
				CF1903FA1C61C479000974D4 /* Supporting Files */,
				CF0697C91CF39A0A00A473FD /* DoggTableView.h */,
				CF0697CA1CF39A0A00A473FD /* DoggTableView.m */,
			);
			path = TestDataViewer;
			sourceTree = "<group>";
		};
		CF1903FA1C61C479000974D4 /* Supporting Files */ = {
			isa = PBXGroup;
			children = (
				CF1903FB1C61C479000974D4 /* main.m */,
			);
			name = "Supporting Files";
			sourceTree = "<group>";
		};
		CF1904081C61C4A8000974D4 /* Resources */ = {
			isa = PBXGroup;
			children = (
				CF1904091C61D2FE000974D4 /* TestData.plist */,
				CF1904021C61C479000974D4 /* Info.plist */,
				CF1903FD1C61C479000974D4 /* Assets.xcassets */,
			);
			name = Resources;
			sourceTree = "<group>";
		};
/* End PBXGroup section */

/* Begin PBXNativeTarget section */
		CF1903F31C61C479000974D4 /* TestDataViewer */ = {
			isa = PBXNativeTarget;
			buildConfigurationList = CF1904051C61C479000974D4 /* Build configuration list for PBXNativeTarget "TestDataViewer" */;
			buildPhases = (
				CF1903F01C61C479000974D4 /* Sources */,
				CF1903F11C61C479000974D4 /* Frameworks */,
				CF1903F21C61C479000974D4 /* Resources */,
			);
			buildRules = (
			);
			dependencies = (
			);
			name = TestDataViewer;
			productName = TestDataViewer;
			productReference = CF1903F41C61C479000974D4 /* TestDataViewer.app */;
			productType = "com.apple.product-type.application";
		};
/* End PBXNativeTarget section */

/* Begin PBXProject section */
		CF1903EC1C61C479000974D4 /* Project object */ = {
			isa = PBXProject;
			attributes = {
				LastUpgradeCheck = 0720;
				ORGANIZATIONNAME = "Objects In Space And Time";
				TargetAttributes = {
					CF1903F31C61C479000974D4 = {
						CreatedOnToolsVersion = 7.2;
					};
				};
			};
			buildConfigurationList = CF1903EF1C61C479000974D4 /* Build configuration list for PBXProject "TestDataViewer" */;
			compatibilityVersion = "Xcode 3.2";
			developmentRegion = English;
			hasScannedForEncodings = 0;
			knownRegions = (
				en,
				Base,
			);
			mainGroup = CF1903EB1C61C479000974D4;
			productRefGroup = CF1903F51C61C479000974D4 /* Products */;
			projectDirPath = "";
			projectRoot = "";
			targets = (
				CF1903F31C61C479000974D4 /* TestDataViewer */,
			);
		};
/* End PBXProject section */

/* Begin PBXResourcesBuildPhase section */
		CF1903F21C61C479000974D4 /* Resources */ = {
			isa = PBXResourcesBuildPhase;
			buildActionMask = 2147483647;
			files = (
				CF19040F1C61D63C000974D4 /* MasterViewController.xib in Resources */,
				CF1903FE1C61C479000974D4 /* Assets.xcassets in Resources */,
				CF1904011C61C479000974D4 /* MainMenu.xib in Resources */,
				CF19040A1C61D2FE000974D4 /* TestData.plist in Resources */,
			);
			runOnlyForDeploymentPostprocessing = 0;
		};
/* End PBXResourcesBuildPhase section */

/* Begin PBXSourcesBuildPhase section */
		CF1903F01C61C479000974D4 /* Sources */ = {
			isa = PBXSourcesBuildPhase;
			buildActionMask = 2147483647;
			files = (
				CF1903FC1C61C479000974D4 /* main.m in Sources */,
				CF19040E1C61D63C000974D4 /* MasterViewController.m in Sources */,
				CF0697CB1CF39A0A00A473FD /* DoggTableView.m in Sources */,
				CF1903F91C61C479000974D4 /* AppDelegate.mm in Sources */,
			);
			runOnlyForDeploymentPostprocessing = 0;
		};
/* End PBXSourcesBuildPhase section */

/* Begin PBXVariantGroup section */
		CF1903FF1C61C479000974D4 /* MainMenu.xib */ = {
			isa = PBXVariantGroup;
			children = (
				CF1904001C61C479000974D4 /* Base */,
			);
			name = MainMenu.xib;
			sourceTree = "<group>";
		};
/* End PBXVariantGroup section */

/* Begin XCBuildConfiguration section */
		CF1904031C61C479000974D4 /* Debug */ = {
			isa = XCBuildConfiguration;
			buildSettings = {
				ALWAYS_SEARCH_USER_PATHS = NO;
				CLANG_CXX_LANGUAGE_STANDARD = "gnu++0x";
				CLANG_CXX_LIBRARY = "libc++";
				CLANG_ENABLE_MODULES = YES;
				CLANG_ENABLE_OBJC_ARC = YES;
				CLANG_WARN_BOOL_CONVERSION = YES;
				CLANG_WARN_CONSTANT_CONVERSION = YES;
				CLANG_WARN_DIRECT_OBJC_ISA_USAGE = YES_ERROR;
				CLANG_WARN_EMPTY_BODY = YES;
				CLANG_WARN_ENUM_CONVERSION = YES;
				CLANG_WARN_INT_CONVERSION = YES;
				CLANG_WARN_OBJC_ROOT_CLASS = YES_ERROR;
				CLANG_WARN_UNREACHABLE_CODE = YES;
				CLANG_WARN__DUPLICATE_METHOD_MATCH = YES;
				CODE_SIGN_IDENTITY = "-";
				COPY_PHASE_STRIP = NO;
				DEBUG_INFORMATION_FORMAT = dwarf;
				ENABLE_STRICT_OBJC_MSGSEND = YES;
				ENABLE_TESTABILITY = YES;
				GCC_C_LANGUAGE_STANDARD = gnu99;
				GCC_DYNAMIC_NO_PIC = NO;
				GCC_NO_COMMON_BLOCKS = YES;
				GCC_OPTIMIZATION_LEVEL = 0;
				GCC_PREPROCESSOR_DEFINITIONS = (
					"DEBUG=1",
					"$(inherited)",
				);
				GCC_WARN_64_TO_32_BIT_CONVERSION = YES;
				GCC_WARN_ABOUT_RETURN_TYPE = YES_ERROR;
				GCC_WARN_UNDECLARED_SELECTOR = YES;
				GCC_WARN_UNINITIALIZED_AUTOS = YES_AGGRESSIVE;
				GCC_WARN_UNUSED_FUNCTION = YES;
				GCC_WARN_UNUSED_VARIABLE = YES;
				MACOSX_DEPLOYMENT_TARGET = 10.11;
				MTL_ENABLE_DEBUG_INFO = YES;
				ONLY_ACTIVE_ARCH = YES;
				SDKROOT = macosx;
			};
			name = Debug;
		};
		CF1904041C61C479000974D4 /* Release */ = {
			isa = XCBuildConfiguration;
			buildSettings = {
				ALWAYS_SEARCH_USER_PATHS = NO;
				CLANG_CXX_LANGUAGE_STANDARD = "gnu++0x";
				CLANG_CXX_LIBRARY = "libc++";
				CLANG_ENABLE_MODULES = YES;
				CLANG_ENABLE_OBJC_ARC = YES;
				CLANG_WARN_BOOL_CONVERSION = YES;
				CLANG_WARN_CONSTANT_CONVERSION = YES;
				CLANG_WARN_DIRECT_OBJC_ISA_USAGE = YES_ERROR;
				CLANG_WARN_EMPTY_BODY = YES;
				CLANG_WARN_ENUM_CONVERSION = YES;
				CLANG_WARN_INT_CONVERSION = YES;
				CLANG_WARN_OBJC_ROOT_CLASS = YES_ERROR;
				CLANG_WARN_UNREACHABLE_CODE = YES;
				CLANG_WARN__DUPLICATE_METHOD_MATCH = YES;
				CODE_SIGN_IDENTITY = "-";
				COPY_PHASE_STRIP = NO;
				DEBUG_INFORMATION_FORMAT = "dwarf-with-dsym";
				ENABLE_NS_ASSERTIONS = NO;
				ENABLE_STRICT_OBJC_MSGSEND = YES;
				GCC_C_LANGUAGE_STANDARD = gnu99;
				GCC_NO_COMMON_BLOCKS = YES;
				GCC_WARN_64_TO_32_BIT_CONVERSION = YES;
				GCC_WARN_ABOUT_RETURN_TYPE = YES_ERROR;
				GCC_WARN_UNDECLARED_SELECTOR = YES;
				GCC_WARN_UNINITIALIZED_AUTOS = YES_AGGRESSIVE;
				GCC_WARN_UNUSED_FUNCTION = YES;
				GCC_WARN_UNUSED_VARIABLE = YES;
				MACOSX_DEPLOYMENT_TARGET = 10.11;
				MTL_ENABLE_DEBUG_INFO = NO;
				SDKROOT = macosx;
			};
			name = Release;
		};
		CF1904061C61C479000974D4 /* Debug */ = {
			isa = XCBuildConfiguration;
			buildSettings = {
				ASSETCATALOG_COMPILER_APPICON_NAME = AppIcon;
				CLANG_CXX_LANGUAGE_STANDARD = "c++14";
				COMBINE_HIDPI_IMAGES = YES;
				HEADER_SEARCH_PATHS = /usr/local/Cellar/libimread/0.2.0/include;
				INFOPLIST_FILE = TestDataViewer/Info.plist;
				LD_RUNPATH_SEARCH_PATHS = "$(inherited) @executable_path/../Frameworks";
				LIBRARY_SEARCH_PATHS = (
					"$(inherited)",
					/usr/local/Cellar/libimread/0.2.0/lib,
				);
				PRODUCT_BUNDLE_IDENTIFIER = ost.yodogg.TestDataViewer;
				PRODUCT_NAME = "$(TARGET_NAME)";
			};
			name = Debug;
		};
		CF1904071C61C479000974D4 /* Release */ = {
			isa = XCBuildConfiguration;
			buildSettings = {
				ASSETCATALOG_COMPILER_APPICON_NAME = AppIcon;
				CLANG_CXX_LANGUAGE_STANDARD = "c++14";
				COMBINE_HIDPI_IMAGES = YES;
				HEADER_SEARCH_PATHS = /usr/local/Cellar/libimread/0.2.0/include;
				INFOPLIST_FILE = TestDataViewer/Info.plist;
				LD_RUNPATH_SEARCH_PATHS = "$(inherited) @executable_path/../Frameworks";
				LIBRARY_SEARCH_PATHS = (
					"$(inherited)",
					/usr/local/Cellar/libimread/0.2.0/lib,
				);
				PRODUCT_BUNDLE_IDENTIFIER = ost.yodogg.TestDataViewer;
				PRODUCT_NAME = "$(TARGET_NAME)";
			};
			name = Release;
		};
/* End XCBuildConfiguration section */

/* Begin XCConfigurationList section */
		CF1903EF1C61C479000974D4 /* Build configuration list for PBXProject "TestDataViewer" */ = {
			isa = XCConfigurationList;
			buildConfigurations = (
				CF1904031C61C479000974D4 /* Debug */,
				CF1904041C61C479000974D4 /* Release */,
			);
			defaultConfigurationIsVisible = 0;
			defaultConfigurationName = Release;
		};
		CF1904051C61C479000974D4 /* Build configuration list for PBXNativeTarget "TestDataViewer" */ = {
			isa = XCConfigurationList;
			buildConfigurations = (
				CF1904061C61C479000974D4 /* Debug */,
				CF1904071C61C479000974D4 /* Release */,
			);
			defaultConfigurationIsVisible = 0;
			defaultConfigurationName = Release;
		};
/* End XCConfigurationList section */
	};
	rootObject = CF1903EC1C61C479000974D4 /* Project object */;
}
